dependencies:
  '@rush-temp/sachin': 'file:projects/sachin.tgz'
  http: 0.0.1-security
lockfileVersion: 5.1
packages:
  /http/0.0.1-security:
    dev: false
    resolution:
      integrity: sha512-RnDvP10Ty9FxqOtPZuxtebw1j4L/WiqNMDtuc1YMH1XQm5TgDRaR1G9u8upL6KD1bXHSp9eSXo/ED+8Q7FAr+g==
  'file:projects/sachin.tgz':
    dependencies:
      http: 0.0.1-security
    dev: false
    name: '@rush-temp/sachin'
    resolution:
      integrity: sha512-FYJEAIXYOjADRBrzcw/xtqs8Vhpjw4bNn0qfAsos/7F5LKWFR10mEEkp0x04uKzBfTS2kEyfdX9yxu81ioDz2Q==
      tarball: 'file:projects/sachin.tgz'
    version: 0.0.0
specifiers:
  '@rush-temp/sachin': 'file:./projects/sachin.tgz'
  http: ^0.0.1-security
